
Microsoft Visual Studio Solution File, Format Version 12.00
# Visual Studio Version 16
VisualStudioVersion = 16.0.30717.126
MinimumVisualStudioVersion = 10.0.40219.1
Project("{9A19103F-16F7-4668-BE54-9A1E7A4F7556}") = "Inventario.COMMON", "Inventario.COMMON\Inventario.COMMON.csproj", "{B137D513-3F8F-45DB-8F14-30B8CF154207}"
EndProject
Project("{9A19103F-16F7-4668-BE54-9A1E7A4F7556}") = "Inventario.DAL", "Inventario.DAL\Inventario.DAL.csproj", "{7C5E3CF8-BF4D-47D2-9A1C-682052F83BD8}"
EndProject
Project("{FAE04EC0-301F-11D3-BF4B-00C04F79EFBC}") = "Inventario.BIZ", "Inventario.BIZ\Inventario.BIZ.csproj", "{AE60CDE5-DF21-4E9F-9F78-12F65B5285F6}"
EndProject
Project("{FAE04EC0-301F-11D3-BF4B-00C04F79EFBC}") = "Inventario.GUI.Admin", "Inventario.GUI.Admin\Inventario.GUI.Admin.csproj", "{165A6C83-A630-4ACA-B634-46CF8E123D5A}"
EndProject
Global
	GlobalSection(SolutionConfigurationPlatforms) = preSolution
		Debug|Any CPU = Debug|Any CPU
		Release|Any CPU = Release|Any CPU
	EndGlobalSection
	GlobalSection(ProjectConfigurationPlatforms) = postSolution
		{B137D513-3F8F-45DB-8F14-30B8CF154207}.Debug|Any CPU.ActiveCfg = Debug|Any CPU
		{B137D513-3F8F-45DB-8F14-30B8CF154207}.Debug|Any CPU.Build.0 = Debug|Any CPU
		{B137D513-3F8F-45DB-8F14-30B8CF154207}.Release|Any CPU.ActiveCfg = Release|Any CPU
		{B137D513-3F8F-45DB-8F14-30B8CF154207}.Release|Any CPU.Build.0 = Release|Any CPU
		{7C5E3CF8-BF4D-47D2-9A1C-682052F83BD8}.Debug|Any CPU.ActiveCfg = Debug|Any CPU
		{7C5E3CF8-BF4D-47D2-9A1C-682052F83BD8}.Debug|Any CPU.Build.0 = Debug|Any CPU
		{7C5E3CF8-BF4D-47D2-9A1C-682052F83BD8}.Release|Any CPU.ActiveCfg = Release|Any CPU
		{7C5E3CF8-BF4D-47D2-9A1C-682052F83BD8}.Release|Any CPU.Build.0 = Release|Any CPU
		{AE60CDE5-DF21-4E9F-9F78-12F65B5285F6}.Debug|Any CPU.ActiveCfg = Debug|Any CPU
		{AE60CDE5-DF21-4E9F-9F78-12F65B5285F6}.Debug|Any CPU.Build.0 = Debug|Any CPU
		{AE60CDE5-DF21-4E9F-9F78-12F65B5285F6}.Release|Any CPU.ActiveCfg = Release|Any CPU
		{AE60CDE5-DF21-4E9F-9F78-12F65B5285F6}.Release|Any CPU.Build.0 = Release|Any CPU
		{165A6C83-A630-4ACA-B634-46CF8E123D5A}.Debug|Any CPU.ActiveCfg = Debug|Any CPU
		{165A6C83-A630-4ACA-B634-46CF8E123D5A}.Debug|Any CPU.Build.0 = Debug|Any CPU
		{165A6C83-A630-4ACA-B634-46CF8E123D5A}.Release|Any CPU.ActiveCfg = Release|Any CPU
		{165A6C83-A630-4ACA-B634-46CF8E123D5A}.Release|Any CPU.Build.0 = Release|Any CPU
	EndGlobalSection
	GlobalSection(SolutionProperties) = preSolution
		HideSolutionNode = FALSE
	EndGlobalSection
	GlobalSection(ExtensibilityGlobals) = postSolution
		SolutionGuid = {34F011B6-0D82-4AB6-ABC7-C73C067D4BBD}
	EndGlobalSection
EndGlobal
